hash: cf77087276523b3b7cd973ace9471ce3117260f90c13928215ae36adbfbe1341
updated: 2016-10-25T13:57:45.635843071+02:00
imports:
- name: github.com/asaskevich/govalidator
  version: 7664702784775e51966f0885f5cd27435916517b
- name: github.com/fatih/structs
  version: dc3312cb1a4513a366c4c9e622ad55c32df12ed3
- name: github.com/gonfire/jsonapi
  version: 04ab03444898bdd66c064a98b5fd699a8488688a
- name: github.com/gonfire/oauth2
  version: 31755df5c70a98d86286a99674a7a42563c3f418
  subpackages:
  - bearer
  - hmacsha
  - spec
- name: github.com/mitchellh/mapstructure
  version: f3009df150dadf309fdee4a54ed65c124afad715
- name: github.com/pressly/chi
  version: f1a5099f0f1da61a5c2d5c75b0376608df0e00bd
- name: github.com/tylerb/graceful
  version: 50a48b6e73fcc75b45e22c05b79629a67c79e938
- name: golang.org/x/crypto
  version: a8a4eedf8c97852389ea5f2c252660d3616af041
  subpackages:
  - bcrypt
  - blowfish
- name: gopkg.in/mgo.v2
  version: 01084657862d7b12d3b10ffd0394357abf8f8bc2
  subpackages:
  - bson
  - internal/json
  - internal/sasl
  - internal/scram
- name: gopkg.in/tomb.v2
  version: 14b3d72120e8d10ea6e6b7f87f7175734b1faab8
testImports:
- name: github.com/davecgh/go-spew
  version: 6d212800a42e8ab5c146b8ace3490ee17e5225f9
  subpackages:
  - spew
- name: github.com/pmezard/go-difflib
  version: d8ed2627bdf02c080bf22230dbb337003b7aba2d
  subpackages:
  - difflib
- name: github.com/stretchr/testify
  version: 69483b4bd14f5845b5a1e55bca19e954e827f1d0
  subpackages:
  - assert
- name: github.com/tidwall/gjson
  version: 27c108f47598c262a87a2cddc9a49bd0d7c7fadc
- name: github.com/tidwall/match
  version: 173748da739a410c5b0b813b956f89ff94730b4c
