hash: 8581df5df61bb1f9d7f6fc1cccd5d4910122a05fb8632ee08db4abfdf1baa358
updated: 2016-10-31T17:45:05.201213354+01:00
imports:
- name: github.com/asaskevich/govalidator
  version: 7664702784775e51966f0885f5cd27435916517b
- name: github.com/gonfire/jsonapi
  version: 16e9ff070bdf1d023ccfe169a89b1513d428b971
- name: github.com/gonfire/oauth2
  version: 31755df5c70a98d86286a99674a7a42563c3f418
  subpackages:
  - bearer
  - hmacsha
  - spec
- name: github.com/goware/cors
  version: 6ad15f4e1489e41776ee8b008597eafea9a67fd9
- name: golang.org/x/crypto
  version: a8a4eedf8c97852389ea5f2c252660d3616af041
  subpackages:
  - bcrypt
  - blowfish
- name: gopkg.in/mgo.v2
  version: 01084657862d7b12d3b10ffd0394357abf8f8bc2
  subpackages:
  - bson
  - internal/json
  - internal/sasl
  - internal/scram
testImports:
- name: github.com/davecgh/go-spew
  version: 6d212800a42e8ab5c146b8ace3490ee17e5225f9
  subpackages:
  - spew
- name: github.com/pmezard/go-difflib
  version: d8ed2627bdf02c080bf22230dbb337003b7aba2d
  subpackages:
  - difflib
- name: github.com/stretchr/testify
  version: 69483b4bd14f5845b5a1e55bca19e954e827f1d0
  subpackages:
  - assert
- name: github.com/tidwall/gjson
  version: 78babc5712902fff43fbd04a1c848ac8a98f8a03
- name: github.com/tidwall/match
  version: 173748da739a410c5b0b813b956f89ff94730b4c
