hash: ff2acf0f605fd2e4331989d19ac95eb27e5ab130ae6075a5cd95bb1b82dff0dd
updated: 2018-02-08T16:27:59.841894+02:00
imports:
- name: github.com/256dpi/jsonapi
  version: dbfb1f4b466ccfb43d3de69dc46e955571d394e2
- name: github.com/256dpi/mgojq
  version: e79ab730184899ed67854174e78e55bdf4443418
- name: github.com/256dpi/oauth2
  version: 893e79e85a99df8c99231a150d749bb724109642
  subpackages:
  - bearer
  - revocation
  - spec
- name: github.com/256dpi/stack
  version: 7420e9ad7ed883a6ef0a737cca30af639de46b38
- name: github.com/asaskevich/govalidator
  version: 7664702784775e51966f0885f5cd27435916517b
- name: github.com/dgrijalva/jwt-go
  version: dbeaa9332f19a944acb5736b4456cfcc02140e29
- name: github.com/goware/cors
  version: 6ad15f4e1489e41776ee8b008597eafea9a67fd9
- name: github.com/opentracing/opentracing-go
  version: 1949ddbfd147afd4d964a9f00b24eb291e0e7c38
  subpackages:
  - ext
  - log
- name: github.com/pborman/uuid
  version: e790cca94e6cc75c7064b1332e63811d4aae1a53
- name: golang.org/x/crypto
  version: c197bcf24cde29d3f73c7b4ac6fd41f4384e8af6
  subpackages:
  - bcrypt
  - blowfish
- name: golang.org/x/net
  version: f315505cf3349909cdf013ea56690da34e96a451
  subpackages:
  - context
- name: gopkg.in/mgo.v2
  version: 3f83fa5005286a7fe593b055f0d7771a7dce4655
  subpackages:
  - bson
  - internal/json
  - internal/sasl
  - internal/scram
testImports:
- name: github.com/apache/thrift
  version: b2a4d4ae21c789b689dd162deb819665567f481c
  subpackages:
  - lib/go/thrift
- name: github.com/codahale/hdrhistogram
  version: 3a0bb77429bd3a61596f5e8a3172445844342120
- name: github.com/davecgh/go-spew
  version: 6d212800a42e8ab5c146b8ace3490ee17e5225f9
  subpackages:
  - spew
- name: github.com/pmezard/go-difflib
  version: d8ed2627bdf02c080bf22230dbb337003b7aba2d
  subpackages:
  - difflib
- name: github.com/stretchr/testify
  version: 12b6f73e6084dad08a7c6e575284b177ecafbc71
  subpackages:
  - assert
- name: github.com/tidwall/gjson
  version: 5a69e67cfd8f6f9b0044ed49f5079d0eeed28653
- name: github.com/tidwall/match
  version: 173748da739a410c5b0b813b956f89ff94730b4c
- name: github.com/uber/jaeger-client-go
  version: 3ac96c6e679cb60a74589b0d0aa7c70a906183f7
  subpackages:
  - internal/baggage
  - internal/spanlog
  - log
  - thrift-gen/agent
  - thrift-gen/jaeger
  - thrift-gen/sampling
  - thrift-gen/zipkincore
  - transport
  - utils
- name: github.com/uber/jaeger-lib
  version: 7f95f4f7e80028096410abddaae2556e4c61b59f
  subpackages:
  - metrics
