github.com/256dpi/jsonapi v1.2.0 h1:vUFxmNKocxT3aFWIpYXUfb17IcwCvix63IMhLBAYD/k=
github.com/256dpi/jsonapi v1.2.0/go.mod h1:4865rBgWkkFCwONhDdZy/asFnMs0YB3u2nEh+TDzfB8=
github.com/256dpi/oauth2 v1.0.1 h1:puY4N7B7hC5gyscX3pcOcb6tq4uJSbht72n+vCcJHPk=
github.com/256dpi/oauth2 v1.0.1/go.mod h1:GBx7djnZB5khBFBZhY6akWcKxLYTIJ/iNiDdInCzyeo=
github.com/256dpi/stack v0.3.0 h1:qvV9aSc4LCByIRZ1B0h72N5OuRmPieG3ry85Ya4G+R8=
github.com/256dpi/stack v0.3.0/go.mod h1:JdiPRStn1sPpYNoiLIjzShUVWsekxRo9dqvUVQYmBbI=
github.com/asaskevich/govalidator v0.0.0-20171111151018-521b25f4b05f h1:xHxhygLkJBQaXZ7H0JUpmqK/gfKO2DZXB7gAKT6bbBs=
github.com/asaskevich/govalidator v0.0.0-20171111151018-521b25f4b05f/go.mod h1:lB+ZfQJz7igIIfQNfa7Ml4HSf2uFQQRzpGGRXenZAgY=
github.com/codahale/hdrhistogram v0.0.0-20161010025455-3a0bb77429bd h1:qMd81Ts1T2OTKmB4acZcyKaMtRnY5Y44NuXGX2GFJ1w=
github.com/codahale/hdrhistogram v0.0.0-20161010025455-3a0bb77429bd/go.mod h1:sE/e/2PUdi/liOCUjSTXgM1o87ZssimdTWN964YiIeI=
github.com/davecgh/go-spew v1.1.1 h1:vj9j/u1bqnvCEfJOwUhtlOARqs3+rkHYY13jYWTU97c=
github.com/davecgh/go-spew v1.1.1/go.mod h1:J7Y8YcW2NihsgmVo/mv3lAwl/skON4iLHjSsI+c5H38=
github.com/dgrijalva/jwt-go v3.2.0+incompatible h1:7qlOGliEKZXTDg6OTjfoBKDXWrumCAMpl/TFQ4/5kLM=
github.com/dgrijalva/jwt-go v3.2.0+incompatible/go.mod h1:E3ru+11k8xSBh+hMPgOLZmtrrCbhqsmaPHjLKYnJCaQ=
github.com/goware/cors v0.0.0-20161025151409-6ad15f4e1489 h1:T9UF9r5Zd2OlEyhves6owqur7ec6M+jdhFyC59GJrm8=
github.com/goware/cors v0.0.0-20161025151409-6ad15f4e1489/go.mod h1:b14AZ0Wsjv3gNG3fr/TTDexvbEJyWljkGLKLVpe4vns=
github.com/opentracing/opentracing-go v1.0.2 h1:3jA2P6O1F9UOrWVpwrIo17pu01KWvNWg4X946/Y5Zwg=
github.com/opentracing/opentracing-go v1.0.2/go.mod h1:UkNAQd3GIcIGf0SeVgPpRdFStlNbqXla1AfSYxPUl2o=
github.com/pborman/uuid v0.0.0-20170612153648-e790cca94e6c/go.mod h1:VyrYX9gd7irzKovcSS6BIIEwPRkP2Wm2m9ufcdFSJ34=
github.com/pmezard/go-difflib v1.0.0 h1:4DBwDE0NGyQoBHbLQYPwSUPoCMWR5BEzIk/f1lZbAQM=
github.com/pmezard/go-difflib v1.0.0/go.mod h1:iKH77koFhYxTK1pcRnkKkqfTogsbg7gZNVY4sRDYZ/4=
github.com/stretchr/testify v1.2.2 h1:bSDNvY7ZPG5RlJ8otE/7V6gMiyenm9RtJ7IUVIAoJ1w=
github.com/stretchr/testify v1.2.2/go.mod h1:a8OnRcib4nhh0OaRAV+Yts87kKdq0PP7pXfy6kDkUVs=
github.com/tidwall/gjson v1.1.3 h1:u4mspaByxY+Qk4U1QYYVzGFI8qxN/3jtEV0ZDb2vRic=
github.com/tidwall/gjson v1.1.3/go.mod h1:c/nTNbUr0E0OrXEhq1pwa8iEgc2DOt4ZZqAt1HtCkPA=
github.com/tidwall/match v0.0.0-20171002075945-1731857f09b1 h1:pWIN9LOlFRCJFqWIOEbHLvY0WWJddsjH2FQ6N0HKZdU=
github.com/tidwall/match v0.0.0-20171002075945-1731857f09b1/go.mod h1:LujAq0jyVjBy028G1WhWfIzbpQfMO8bBZ6Tyb0+pL9E=
github.com/uber/jaeger-client-go v2.14.0+incompatible h1:1KGTNRby0tDiVDDhvzL0pz0N26M9DobVCfSqz4Z/UPc=
github.com/uber/jaeger-client-go v2.14.0+incompatible/go.mod h1:WVhlPFC8FDjOFMMWRy2pZqQJSXxYSwNYOkTr/Z6d3Kk=
github.com/uber/jaeger-lib v1.5.0 h1:OHbgr8l656Ub3Fw5k9SWnBfIEwvoHQ+W2y+Aa9D1Uyo=
github.com/uber/jaeger-lib v1.5.0/go.mod h1:ComeNDZlWwrWnDv8aPp0Ba6+uUTzImX/AauajbLI56U=
golang.org/x/crypto v0.0.0-20160317202102-c197bcf24cde h1:HyfCV9sRlPeuclQzQYleAEuweqh8N29XHvBiGH/ZCMk=
golang.org/x/crypto v0.0.0-20160317202102-c197bcf24cde/go.mod h1:6SG95UA2DQfeDnfUPMdvaQW0Q7yPrPDi9nlGo2tz2b4=
golang.org/x/net v0.0.0-20160126033523-f315505cf334 h1:TUmEkOSSnKLH69ouTtjMxfkRrhs65JmJ61O6KjDVgPg=
golang.org/x/net v0.0.0-20160126033523-f315505cf334/go.mod h1:mL1N/T3taQHkDXs73rZJwtUhF3w3ftmwwsq0BUmARs4=
gopkg.in/mgo.v2 v2.0.0-20160818020120-3f83fa500528 h1:/saqWwm73dLmuzbNhe92F0QsZ/KiFND+esHco2v1hiY=
gopkg.in/mgo.v2 v2.0.0-20160818020120-3f83fa500528/go.mod h1:yeKp02qBN3iKW1OzL3MGk2IdtZzaj7SFntXj72NppTA=
